
Microsoft Visual Studio Solution File, Format Version 12.00
Project("{2150E333-8FDC-42A3-9474-1A3956D46DE8}") = "src", "src", "{F5652059-FD91-49A9-9280-F29A964C66D4}"
EndProject
Project("{2150E333-8FDC-42A3-9474-1A3956D46DE8}") = "test", "test", "{30A1EFEE-14BC-4970-952F-F05F508AD6AD}"
EndProject
Project("{FAE04EC0-301F-11D3-BF4B-00C04F79EFBC}") = "Chirp.Utilities.Tests", "test\Chirp.Utilities.Tests\Chirp.Utilities.Tests.csproj", "{455C4F27-453B-49AF-8FFC-9883A9731D6D}"
EndProject
Project("{FAE04EC0-301F-11D3-BF4B-00C04F79EFBC}") = "Chirp.Utilities", "src\Chirp.Utilities\Chirp.Utilities.csproj", "{59E69556-BDE6-4D72-8CEE-94A716B58A6A}"
EndProject
Project("{FAE04EC0-301F-11D3-BF4B-00C04F79EFBC}") = "Chirp.WebService", "src\Chirp.WebService\Chirp.WebService.csproj", "{C2240EEB-1A25-448C-A9CF-22876913767A}"
EndProject
Project("{FAE04EC0-301F-11D3-BF4B-00C04F79EFBC}") = "Chirp.DBService", "src\Chirp.DBService\Chirp.DBService.csproj", "{D2AD9886-538C-4B6B-B94F-AFE32E41F05F}"
EndProject
Project("{FAE04EC0-301F-11D3-BF4B-00C04F79EFBC}") = "Chirp.DBService.Tests", "test\Chirp.DBService.Tests\Chirp.DBService.Tests.csproj", "{AC895E16-512D-46EB-9BDC-812D38EBD294}"
EndProject
Global
	GlobalSection(SolutionConfigurationPlatforms) = preSolution
		Debug|Any CPU = Debug|Any CPU
		Release|Any CPU = Release|Any CPU
	EndGlobalSection
	GlobalSection(ProjectConfigurationPlatforms) = postSolution
		{455C4F27-453B-49AF-8FFC-9883A9731D6D}.Debug|Any CPU.ActiveCfg = Debug|Any CPU
		{455C4F27-453B-49AF-8FFC-9883A9731D6D}.Debug|Any CPU.Build.0 = Debug|Any CPU
		{455C4F27-453B-49AF-8FFC-9883A9731D6D}.Release|Any CPU.ActiveCfg = Release|Any CPU
		{455C4F27-453B-49AF-8FFC-9883A9731D6D}.Release|Any CPU.Build.0 = Release|Any CPU
		{59E69556-BDE6-4D72-8CEE-94A716B58A6A}.Debug|Any CPU.ActiveCfg = Debug|Any CPU
		{59E69556-BDE6-4D72-8CEE-94A716B58A6A}.Debug|Any CPU.Build.0 = Debug|Any CPU
		{59E69556-BDE6-4D72-8CEE-94A716B58A6A}.Release|Any CPU.ActiveCfg = Release|Any CPU
		{59E69556-BDE6-4D72-8CEE-94A716B58A6A}.Release|Any CPU.Build.0 = Release|Any CPU
		{C2240EEB-1A25-448C-A9CF-22876913767A}.Debug|Any CPU.ActiveCfg = Debug|Any CPU
		{C2240EEB-1A25-448C-A9CF-22876913767A}.Debug|Any CPU.Build.0 = Debug|Any CPU
		{C2240EEB-1A25-448C-A9CF-22876913767A}.Release|Any CPU.ActiveCfg = Release|Any CPU
		{C2240EEB-1A25-448C-A9CF-22876913767A}.Release|Any CPU.Build.0 = Release|Any CPU
		{D2AD9886-538C-4B6B-B94F-AFE32E41F05F}.Debug|Any CPU.ActiveCfg = Debug|Any CPU
		{D2AD9886-538C-4B6B-B94F-AFE32E41F05F}.Debug|Any CPU.Build.0 = Debug|Any CPU
		{D2AD9886-538C-4B6B-B94F-AFE32E41F05F}.Release|Any CPU.ActiveCfg = Release|Any CPU
		{D2AD9886-538C-4B6B-B94F-AFE32E41F05F}.Release|Any CPU.Build.0 = Release|Any CPU
		{AC895E16-512D-46EB-9BDC-812D38EBD294}.Debug|Any CPU.ActiveCfg = Debug|Any CPU
		{AC895E16-512D-46EB-9BDC-812D38EBD294}.Debug|Any CPU.Build.0 = Debug|Any CPU
		{AC895E16-512D-46EB-9BDC-812D38EBD294}.Release|Any CPU.ActiveCfg = Release|Any CPU
		{AC895E16-512D-46EB-9BDC-812D38EBD294}.Release|Any CPU.Build.0 = Release|Any CPU
	EndGlobalSection
	GlobalSection(NestedProjects) = preSolution
		{455C4F27-453B-49AF-8FFC-9883A9731D6D} = {30A1EFEE-14BC-4970-952F-F05F508AD6AD}
		{59E69556-BDE6-4D72-8CEE-94A716B58A6A} = {F5652059-FD91-49A9-9280-F29A964C66D4}
		{C2240EEB-1A25-448C-A9CF-22876913767A} = {F5652059-FD91-49A9-9280-F29A964C66D4}
		{D2AD9886-538C-4B6B-B94F-AFE32E41F05F} = {F5652059-FD91-49A9-9280-F29A964C66D4}
		{AC895E16-512D-46EB-9BDC-812D38EBD294} = {30A1EFEE-14BC-4970-952F-F05F508AD6AD}
	EndGlobalSection
EndGlobal
