
Microsoft Visual Studio Solution File, Format Version 12.00
Project("{2150E333-8FDC-42A3-9474-1A3956D46DE8}") = "src", "src", "{F5652059-FD91-49A9-9280-F29A964C66D4}"
EndProject
Project("{2150E333-8FDC-42A3-9474-1A3956D46DE8}") = "test", "test", "{30A1EFEE-14BC-4970-952F-F05F508AD6AD}"
EndProject
Project("{FAE04EC0-301F-11D3-BF4B-00C04F79EFBC}") = "Chirp.WebService", "src\Chirp.WebService\Chirp.WebService.csproj", "{C2240EEB-1A25-448C-A9CF-22876913767A}"
EndProject
Project("{FAE04EC0-301F-11D3-BF4B-00C04F79EFBC}") = "Chirp.Core", "src\Chirp.Core\Chirp.Core.csproj", "{0A6C714D-9E14-4A8C-9161-5CFB33C9F518}"
EndProject
Project("{FAE04EC0-301F-11D3-BF4B-00C04F79EFBC}") = "Chirp.Infrastructure", "src\Chirp.Infrastructure\Chirp.Infrastructure.csproj", "{BF3DB63B-98A7-4805-A1E0-4F1E18B585EC}"
EndProject
Project("{FAE04EC0-301F-11D3-BF4B-00C04F79EFBC}") = "Chirp.Infrastructure.Tests", "test\Chirp.Infrastructure.Tests\Chirp.Infrastructure.Tests.csproj", "{33F68211-DE4F-4690-A0CB-21E1D6B4A37F}"
EndProject
Global
	GlobalSection(SolutionConfigurationPlatforms) = preSolution
		Debug|Any CPU = Debug|Any CPU
		Release|Any CPU = Release|Any CPU
	EndGlobalSection
	GlobalSection(ProjectConfigurationPlatforms) = postSolution
		{C2240EEB-1A25-448C-A9CF-22876913767A}.Debug|Any CPU.ActiveCfg = Debug|Any CPU
		{C2240EEB-1A25-448C-A9CF-22876913767A}.Debug|Any CPU.Build.0 = Debug|Any CPU
		{C2240EEB-1A25-448C-A9CF-22876913767A}.Release|Any CPU.ActiveCfg = Release|Any CPU
		{C2240EEB-1A25-448C-A9CF-22876913767A}.Release|Any CPU.Build.0 = Release|Any CPU
		{0A6C714D-9E14-4A8C-9161-5CFB33C9F518}.Debug|Any CPU.ActiveCfg = Debug|Any CPU
		{0A6C714D-9E14-4A8C-9161-5CFB33C9F518}.Debug|Any CPU.Build.0 = Debug|Any CPU
		{0A6C714D-9E14-4A8C-9161-5CFB33C9F518}.Release|Any CPU.ActiveCfg = Release|Any CPU
		{0A6C714D-9E14-4A8C-9161-5CFB33C9F518}.Release|Any CPU.Build.0 = Release|Any CPU
		{BF3DB63B-98A7-4805-A1E0-4F1E18B585EC}.Debug|Any CPU.ActiveCfg = Debug|Any CPU
		{BF3DB63B-98A7-4805-A1E0-4F1E18B585EC}.Debug|Any CPU.Build.0 = Debug|Any CPU
		{BF3DB63B-98A7-4805-A1E0-4F1E18B585EC}.Release|Any CPU.ActiveCfg = Release|Any CPU
		{BF3DB63B-98A7-4805-A1E0-4F1E18B585EC}.Release|Any CPU.Build.0 = Release|Any CPU
		{33F68211-DE4F-4690-A0CB-21E1D6B4A37F}.Debug|Any CPU.ActiveCfg = Debug|Any CPU
		{33F68211-DE4F-4690-A0CB-21E1D6B4A37F}.Debug|Any CPU.Build.0 = Debug|Any CPU
		{33F68211-DE4F-4690-A0CB-21E1D6B4A37F}.Release|Any CPU.ActiveCfg = Release|Any CPU
		{33F68211-DE4F-4690-A0CB-21E1D6B4A37F}.Release|Any CPU.Build.0 = Release|Any CPU
	EndGlobalSection
	GlobalSection(NestedProjects) = preSolution
		{C2240EEB-1A25-448C-A9CF-22876913767A} = {F5652059-FD91-49A9-9280-F29A964C66D4}
		{0A6C714D-9E14-4A8C-9161-5CFB33C9F518} = {F5652059-FD91-49A9-9280-F29A964C66D4}
		{BF3DB63B-98A7-4805-A1E0-4F1E18B585EC} = {F5652059-FD91-49A9-9280-F29A964C66D4}
		{33F68211-DE4F-4690-A0CB-21E1D6B4A37F} = {30A1EFEE-14BC-4970-952F-F05F508AD6AD}
	EndGlobalSection
EndGlobal
