
Microsoft Visual Studio Solution File, Format Version 12.00
Project("{2150E333-8FDC-42A3-9474-1A3956D46DE8}") = "src", "src", "{F5652059-FD91-49A9-9280-F29A964C66D4}"
EndProject
Project("{2150E333-8FDC-42A3-9474-1A3956D46DE8}") = "test", "test", "{30A1EFEE-14BC-4970-952F-F05F508AD6AD}"
EndProject
Project("{FAE04EC0-301F-11D3-BF4B-00C04F79EFBC}") = "Chirp.CLI.Client", "src\Chirp.CLI.Client\Chirp.CLI.Client.csproj", "{803BB908-B214-4531-B55B-437F443C93B6}"
EndProject
Project("{FAE04EC0-301F-11D3-BF4B-00C04F79EFBC}") = "Chirp.CSVDB", "src\Chirp.CSVDB\Chirp.CSVDB.csproj", "{E69E0A79-FC35-488E-829C-89909601E1F3}"
EndProject
Project("{FAE04EC0-301F-11D3-BF4B-00C04F79EFBC}") = "Chirp.CLI.Client.Tests", "test\Chirp.CLI.Client.Tests\Chirp.CLI.Client.Tests.csproj", "{8EB01794-1A77-434A-8C82-CAC4D32B32E3}"
EndProject
Project("{FAE04EC0-301F-11D3-BF4B-00C04F79EFBC}") = "Chirp.CSVDB.Tests", "test\Chirp.CSVDB.Tests\Chirp.CSVDB.Tests.csproj", "{ECD1530D-F2C3-488D-8B65-24EDE1895480}"
EndProject
Project("{FAE04EC0-301F-11D3-BF4B-00C04F79EFBC}") = "Chirp.DBService", "src\Chirp.DBService\Chirp.DBService.csproj", "{24547CA7-FEBA-404D-B9E3-BD584007B826}"
EndProject
Global
	GlobalSection(SolutionConfigurationPlatforms) = preSolution
		Debug|Any CPU = Debug|Any CPU
		Release|Any CPU = Release|Any CPU
	EndGlobalSection
	GlobalSection(ProjectConfigurationPlatforms) = postSolution
		{803BB908-B214-4531-B55B-437F443C93B6}.Debug|Any CPU.ActiveCfg = Debug|Any CPU
		{803BB908-B214-4531-B55B-437F443C93B6}.Debug|Any CPU.Build.0 = Debug|Any CPU
		{803BB908-B214-4531-B55B-437F443C93B6}.Release|Any CPU.ActiveCfg = Release|Any CPU
		{803BB908-B214-4531-B55B-437F443C93B6}.Release|Any CPU.Build.0 = Release|Any CPU
		{E69E0A79-FC35-488E-829C-89909601E1F3}.Debug|Any CPU.ActiveCfg = Debug|Any CPU
		{E69E0A79-FC35-488E-829C-89909601E1F3}.Debug|Any CPU.Build.0 = Debug|Any CPU
		{E69E0A79-FC35-488E-829C-89909601E1F3}.Release|Any CPU.ActiveCfg = Release|Any CPU
		{E69E0A79-FC35-488E-829C-89909601E1F3}.Release|Any CPU.Build.0 = Release|Any CPU
		{8EB01794-1A77-434A-8C82-CAC4D32B32E3}.Debug|Any CPU.ActiveCfg = Debug|Any CPU
		{8EB01794-1A77-434A-8C82-CAC4D32B32E3}.Debug|Any CPU.Build.0 = Debug|Any CPU
		{8EB01794-1A77-434A-8C82-CAC4D32B32E3}.Release|Any CPU.ActiveCfg = Release|Any CPU
		{8EB01794-1A77-434A-8C82-CAC4D32B32E3}.Release|Any CPU.Build.0 = Release|Any CPU
		{ECD1530D-F2C3-488D-8B65-24EDE1895480}.Debug|Any CPU.ActiveCfg = Debug|Any CPU
		{ECD1530D-F2C3-488D-8B65-24EDE1895480}.Debug|Any CPU.Build.0 = Debug|Any CPU
		{ECD1530D-F2C3-488D-8B65-24EDE1895480}.Release|Any CPU.ActiveCfg = Release|Any CPU
		{ECD1530D-F2C3-488D-8B65-24EDE1895480}.Release|Any CPU.Build.0 = Release|Any CPU
		{24547CA7-FEBA-404D-B9E3-BD584007B826}.Debug|Any CPU.ActiveCfg = Debug|Any CPU
		{24547CA7-FEBA-404D-B9E3-BD584007B826}.Debug|Any CPU.Build.0 = Debug|Any CPU
		{24547CA7-FEBA-404D-B9E3-BD584007B826}.Release|Any CPU.ActiveCfg = Release|Any CPU
		{24547CA7-FEBA-404D-B9E3-BD584007B826}.Release|Any CPU.Build.0 = Release|Any CPU
	EndGlobalSection
	GlobalSection(NestedProjects) = preSolution
		{803BB908-B214-4531-B55B-437F443C93B6} = {F5652059-FD91-49A9-9280-F29A964C66D4}
		{E69E0A79-FC35-488E-829C-89909601E1F3} = {F5652059-FD91-49A9-9280-F29A964C66D4}
		{8EB01794-1A77-434A-8C82-CAC4D32B32E3} = {30A1EFEE-14BC-4970-952F-F05F508AD6AD}
		{ECD1530D-F2C3-488D-8B65-24EDE1895480} = {30A1EFEE-14BC-4970-952F-F05F508AD6AD}
		{24547CA7-FEBA-404D-B9E3-BD584007B826} = {F5652059-FD91-49A9-9280-F29A964C66D4}
	EndGlobalSection
EndGlobal
